// !$*UTF8*$!
{
	archiveVersion = 1;
	classes = {
	};
	objectVersion = 56;
	objects = {

/* Begin PBXBuildFile section */
		63049C082B62D6EA001DDF16 /* SignUpView.swift in Sources */ = {isa = PBXBuildFile; fileRef = 63049C072B62D6EA001DDF16 /* SignUpView.swift */; };
		63049C0B2B62D715001DDF16 /* SignUpViewModel.swift in Sources */ = {isa = PBXBuildFile; fileRef = 63049C0A2B62D715001DDF16 /* SignUpViewModel.swift */; };
		630FCB342B66BF490068A6D5 /* MainView.swift in Sources */ = {isa = PBXBuildFile; fileRef = 630FCB332B66BF490068A6D5 /* MainView.swift */; };
		630FCB372B66CB340068A6D5 /* MainViewButtonCell.swift in Sources */ = {isa = PBXBuildFile; fileRef = 630FCB362B66CB340068A6D5 /* MainViewButtonCell.swift */; };
		630FCB392B66CC130068A6D5 /* MainPageViewModel.swift in Sources */ = {isa = PBXBuildFile; fileRef = 630FCB382B66CC130068A6D5 /* MainPageViewModel.swift */; };
		630FCB3B2B6725CE0068A6D5 /* FoodModel.swift in Sources */ = {isa = PBXBuildFile; fileRef = 630FCB3A2B6725CE0068A6D5 /* FoodModel.swift */; };
		630FCB3F2B6939CA0068A6D5 /* CircularProgressView.swift in Sources */ = {isa = PBXBuildFile; fileRef = 630FCB3E2B6939CA0068A6D5 /* CircularProgressView.swift */; };
		630FCB412B69B3460068A6D5 /* MainModel.swift in Sources */ = {isa = PBXBuildFile; fileRef = 630FCB402B69B3460068A6D5 /* MainModel.swift */; };
		631002312B60938B000DF0DC /* AppDelegate.swift in Sources */ = {isa = PBXBuildFile; fileRef = 631002302B60938B000DF0DC /* AppDelegate.swift */; };
		631002332B60938B000DF0DC /* SceneDelegate.swift in Sources */ = {isa = PBXBuildFile; fileRef = 631002322B60938B000DF0DC /* SceneDelegate.swift */; };
		631002352B60938B000DF0DC /* ViewController.swift in Sources */ = {isa = PBXBuildFile; fileRef = 631002342B60938B000DF0DC /* ViewController.swift */; };
		6310023A2B60938C000DF0DC /* Assets.xcassets in Resources */ = {isa = PBXBuildFile; fileRef = 631002392B60938C000DF0DC /* Assets.xcassets */; };
		631002462B609608000DF0DC /* NetworkManager2.0 in Frameworks */ = {isa = PBXBuildFile; productRef = 631002452B609608000DF0DC /* NetworkManager2.0 */; };
		631002482B6147C7000DF0DC /* GoogleService-Info.plist in Resources */ = {isa = PBXBuildFile; fileRef = 631002472B6147C6000DF0DC /* GoogleService-Info.plist */; };
		6310024B2B614876000DF0DC /* FirebaseAnalytics in Frameworks */ = {isa = PBXBuildFile; productRef = 6310024A2B614876000DF0DC /* FirebaseAnalytics */; };
		6310024D2B614876000DF0DC /* FirebaseAnalyticsOnDeviceConversion in Frameworks */ = {isa = PBXBuildFile; productRef = 6310024C2B614876000DF0DC /* FirebaseAnalyticsOnDeviceConversion */; };
		6310024F2B614876000DF0DC /* FirebaseAnalyticsSwift in Frameworks */ = {isa = PBXBuildFile; productRef = 6310024E2B614876000DF0DC /* FirebaseAnalyticsSwift */; };
		631002512B614876000DF0DC /* FirebaseAnalyticsWithoutAdIdSupport in Frameworks */ = {isa = PBXBuildFile; productRef = 631002502B614876000DF0DC /* FirebaseAnalyticsWithoutAdIdSupport */; };
		631002532B614876000DF0DC /* FirebaseAppCheck in Frameworks */ = {isa = PBXBuildFile; productRef = 631002522B614876000DF0DC /* FirebaseAppCheck */; };
		631002552B614876000DF0DC /* FirebaseAppDistribution-Beta in Frameworks */ = {isa = PBXBuildFile; productRef = 631002542B614876000DF0DC /* FirebaseAppDistribution-Beta */; };
		631002572B614876000DF0DC /* FirebaseAuth in Frameworks */ = {isa = PBXBuildFile; productRef = 631002562B614876000DF0DC /* FirebaseAuth */; };
		631002592B614876000DF0DC /* FirebaseAuthCombine-Community in Frameworks */ = {isa = PBXBuildFile; productRef = 631002582B614876000DF0DC /* FirebaseAuthCombine-Community */; };
		6310025B2B614876000DF0DC /* FirebaseCrashlytics in Frameworks */ = {isa = PBXBuildFile; productRef = 6310025A2B614876000DF0DC /* FirebaseCrashlytics */; };
		6310025D2B614876000DF0DC /* FirebaseDatabase in Frameworks */ = {isa = PBXBuildFile; productRef = 6310025C2B614876000DF0DC /* FirebaseDatabase */; };
		6310025F2B614876000DF0DC /* FirebaseDatabaseSwift in Frameworks */ = {isa = PBXBuildFile; productRef = 6310025E2B614876000DF0DC /* FirebaseDatabaseSwift */; };
		631002612B614876000DF0DC /* FirebaseDynamicLinks in Frameworks */ = {isa = PBXBuildFile; productRef = 631002602B614876000DF0DC /* FirebaseDynamicLinks */; };
		631002632B614876000DF0DC /* FirebaseFirestore in Frameworks */ = {isa = PBXBuildFile; productRef = 631002622B614876000DF0DC /* FirebaseFirestore */; };
		631002652B614876000DF0DC /* FirebaseFirestoreCombine-Community in Frameworks */ = {isa = PBXBuildFile; productRef = 631002642B614876000DF0DC /* FirebaseFirestoreCombine-Community */; };
		631002672B614876000DF0DC /* FirebaseFirestoreSwift in Frameworks */ = {isa = PBXBuildFile; productRef = 631002662B614876000DF0DC /* FirebaseFirestoreSwift */; };
		631002692B614876000DF0DC /* FirebaseFunctions in Frameworks */ = {isa = PBXBuildFile; productRef = 631002682B614876000DF0DC /* FirebaseFunctions */; };
		6310026B2B614876000DF0DC /* FirebaseFunctionsCombine-Community in Frameworks */ = {isa = PBXBuildFile; productRef = 6310026A2B614876000DF0DC /* FirebaseFunctionsCombine-Community */; };
		6310026D2B614876000DF0DC /* FirebaseInAppMessaging-Beta in Frameworks */ = {isa = PBXBuildFile; productRef = 6310026C2B614876000DF0DC /* FirebaseInAppMessaging-Beta */; };
		6310026F2B614876000DF0DC /* FirebaseInAppMessagingSwift-Beta in Frameworks */ = {isa = PBXBuildFile; productRef = 6310026E2B614876000DF0DC /* FirebaseInAppMessagingSwift-Beta */; };
		631002712B614876000DF0DC /* FirebaseInstallations in Frameworks */ = {isa = PBXBuildFile; productRef = 631002702B614876000DF0DC /* FirebaseInstallations */; };
		631002732B614876000DF0DC /* FirebaseMLModelDownloader in Frameworks */ = {isa = PBXBuildFile; productRef = 631002722B614876000DF0DC /* FirebaseMLModelDownloader */; };
		631002752B614876000DF0DC /* FirebaseMessaging in Frameworks */ = {isa = PBXBuildFile; productRef = 631002742B614876000DF0DC /* FirebaseMessaging */; };
		631002772B614876000DF0DC /* FirebasePerformance in Frameworks */ = {isa = PBXBuildFile; productRef = 631002762B614876000DF0DC /* FirebasePerformance */; };
		631002792B614876000DF0DC /* FirebaseRemoteConfig in Frameworks */ = {isa = PBXBuildFile; productRef = 631002782B614876000DF0DC /* FirebaseRemoteConfig */; };
		6310027B2B614876000DF0DC /* FirebaseRemoteConfigSwift in Frameworks */ = {isa = PBXBuildFile; productRef = 6310027A2B614876000DF0DC /* FirebaseRemoteConfigSwift */; };
		6310027D2B614876000DF0DC /* FirebaseStorage in Frameworks */ = {isa = PBXBuildFile; productRef = 6310027C2B614876000DF0DC /* FirebaseStorage */; };
		6310027F2B614876000DF0DC /* FirebaseStorageCombine-Community in Frameworks */ = {isa = PBXBuildFile; productRef = 6310027E2B614876000DF0DC /* FirebaseStorageCombine-Community */; };
		63344B552B6AFE8800499949 /* ProductListView.swift in Sources */ = {isa = PBXBuildFile; fileRef = 63344B542B6AFE8800499949 /* ProductListView.swift */; };
		63344B582B6AFFCC00499949 /* MainTableViewCell.swift in Sources */ = {isa = PBXBuildFile; fileRef = 63344B572B6AFFCC00499949 /* MainTableViewCell.swift */; };
		63344B5D2B6BFFE900499949 /* AddProductView.swift in Sources */ = {isa = PBXBuildFile; fileRef = 63344B5C2B6BFFE900499949 /* AddProductView.swift */; };
		63344B692B6ED29000499949 /* ProductDetailsView.swift in Sources */ = {isa = PBXBuildFile; fileRef = 63344B682B6ED29000499949 /* ProductDetailsView.swift */; };
		63344B6D2B71166E00499949 /* ScanPageView.swift in Sources */ = {isa = PBXBuildFile; fileRef = 63344B6C2B71166E00499949 /* ScanPageView.swift */; };
		63B463F12B73119400CF3B7D /* Scanner.swift in Sources */ = {isa = PBXBuildFile; fileRef = 63B463F02B73119400CF3B7D /* Scanner.swift */; };
		63B463F62B7319CB00CF3B7D /* YOLOv3Tiny.mlmodel in Sources */ = {isa = PBXBuildFile; fileRef = 63B463F52B7319CB00CF3B7D /* YOLOv3Tiny.mlmodel */; };
		63B4643A2B74692100CF3B7D /* ScanPhoto.swift in Sources */ = {isa = PBXBuildFile; fileRef = 63B464392B74692100CF3B7D /* ScanPhoto.swift */; };
		63B464402B7493F600CF3B7D /* Resnet50FP16.mlmodel in Sources */ = {isa = PBXBuildFile; fileRef = 63B4643F2B7493F600CF3B7D /* Resnet50FP16.mlmodel */; };
		63B464422B754C3D00CF3B7D /* ProfileView.swift in Sources */ = {isa = PBXBuildFile; fileRef = 63B464412B754C3D00CF3B7D /* ProfileView.swift */; };
		63B464452B75A6E200CF3B7D /* ProfileViewModel.swift in Sources */ = {isa = PBXBuildFile; fileRef = 63B464442B75A6E200CF3B7D /* ProfileViewModel.swift */; };
		63B464472B78033600CF3B7D /* MainDB.swift in Sources */ = {isa = PBXBuildFile; fileRef = 63B464462B78033600CF3B7D /* MainDB.swift */; };
		63B465D22B6154B8005062F8 /* SignInView.swift in Sources */ = {isa = PBXBuildFile; fileRef = 63B465D12B6154B8005062F8 /* SignInView.swift */; };
		63B465D42B6154D6005062F8 /* SignInViewModel.swift in Sources */ = {isa = PBXBuildFile; fileRef = 63B465D32B6154D6005062F8 /* SignInViewModel.swift */; };
		63B465D72B615606005062F8 /* CustomTextField.swift in Sources */ = {isa = PBXBuildFile; fileRef = 63B465D62B615606005062F8 /* CustomTextField.swift */; };
		63B465DA2B6159FC005062F8 /* CustomSecureTextFieldView.swift in Sources */ = {isa = PBXBuildFile; fileRef = 63B465D92B6159FC005062F8 /* CustomSecureTextFieldView.swift */; };
		63B465DC2B618704005062F8 /* Button Extension.swift in Sources */ = {isa = PBXBuildFile; fileRef = 63B465DB2B618704005062F8 /* Button Extension.swift */; };
		63B465DE2B618748005062F8 /* ColorExtension.swift in Sources */ = {isa = PBXBuildFile; fileRef = 63B465DD2B618747005062F8 /* ColorExtension.swift */; };
		63B465E12B61981B005062F8 /* MainNavigationController.swift in Sources */ = {isa = PBXBuildFile; fileRef = 63B465E02B61981B005062F8 /* MainNavigationController.swift */; };
		63B465E42B61C752005062F8 /* AuthenticationManager.swift in Sources */ = {isa = PBXBuildFile; fileRef = 63B465E32B61C752005062F8 /* AuthenticationManager.swift */; };
/* End PBXBuildFile section */

/* Begin PBXFileReference section */
		63049C072B62D6EA001DDF16 /* SignUpView.swift */ = {isa = PBXFileReference; lastKnownFileType = sourcecode.swift; path = SignUpView.swift; sourceTree = "<group>"; };
		63049C0A2B62D715001DDF16 /* SignUpViewModel.swift */ = {isa = PBXFileReference; lastKnownFileType = sourcecode.swift; path = SignUpViewModel.swift; sourceTree = "<group>"; };
		630FCB332B66BF490068A6D5 /* MainView.swift */ = {isa = PBXFileReference; lastKnownFileType = sourcecode.swift; path = MainView.swift; sourceTree = "<group>"; };
		630FCB362B66CB340068A6D5 /* MainViewButtonCell.swift */ = {isa = PBXFileReference; lastKnownFileType = sourcecode.swift; path = MainViewButtonCell.swift; sourceTree = "<group>"; };
		630FCB382B66CC130068A6D5 /* MainPageViewModel.swift */ = {isa = PBXFileReference; lastKnownFileType = sourcecode.swift; path = MainPageViewModel.swift; sourceTree = "<group>"; };
		630FCB3A2B6725CE0068A6D5 /* FoodModel.swift */ = {isa = PBXFileReference; lastKnownFileType = sourcecode.swift; path = FoodModel.swift; sourceTree = "<group>"; };
		630FCB3E2B6939CA0068A6D5 /* CircularProgressView.swift */ = {isa = PBXFileReference; lastKnownFileType = sourcecode.swift; path = CircularProgressView.swift; sourceTree = "<group>"; };
		630FCB402B69B3460068A6D5 /* MainModel.swift */ = {isa = PBXFileReference; lastKnownFileType = sourcecode.swift; path = MainModel.swift; sourceTree = "<group>"; };
		6310022D2B60938B000DF0DC /* FitnessApp.app */ = {isa = PBXFileReference; explicitFileType = wrapper.application; includeInIndex = 0; path = FitnessApp.app; sourceTree = BUILT_PRODUCTS_DIR; };
		631002302B60938B000DF0DC /* AppDelegate.swift */ = {isa = PBXFileReference; lastKnownFileType = sourcecode.swift; path = AppDelegate.swift; sourceTree = "<group>"; };
		631002322B60938B000DF0DC /* SceneDelegate.swift */ = {isa = PBXFileReference; lastKnownFileType = sourcecode.swift; path = SceneDelegate.swift; sourceTree = "<group>"; };
		631002342B60938B000DF0DC /* ViewController.swift */ = {isa = PBXFileReference; lastKnownFileType = sourcecode.swift; path = ViewController.swift; sourceTree = "<group>"; };
		631002392B60938C000DF0DC /* Assets.xcassets */ = {isa = PBXFileReference; lastKnownFileType = folder.assetcatalog; path = Assets.xcassets; sourceTree = "<group>"; };
		6310023E2B60938C000DF0DC /* Info.plist */ = {isa = PBXFileReference; lastKnownFileType = text.plist.xml; path = Info.plist; sourceTree = "<group>"; };
		631002472B6147C6000DF0DC /* GoogleService-Info.plist */ = {isa = PBXFileReference; fileEncoding = 4; lastKnownFileType = text.plist.xml; path = "GoogleService-Info.plist"; sourceTree = "<group>"; };
		63344B542B6AFE8800499949 /* ProductListView.swift */ = {isa = PBXFileReference; lastKnownFileType = sourcecode.swift; path = ProductListView.swift; sourceTree = "<group>"; };
		63344B572B6AFFCC00499949 /* MainTableViewCell.swift */ = {isa = PBXFileReference; lastKnownFileType = sourcecode.swift; path = MainTableViewCell.swift; sourceTree = "<group>"; };
		63344B5C2B6BFFE900499949 /* AddProductView.swift */ = {isa = PBXFileReference; lastKnownFileType = sourcecode.swift; path = AddProductView.swift; sourceTree = "<group>"; };
		63344B682B6ED29000499949 /* ProductDetailsView.swift */ = {isa = PBXFileReference; lastKnownFileType = sourcecode.swift; path = ProductDetailsView.swift; sourceTree = "<group>"; };
		63344B6C2B71166E00499949 /* ScanPageView.swift */ = {isa = PBXFileReference; lastKnownFileType = sourcecode.swift; path = ScanPageView.swift; sourceTree = "<group>"; };
		63B463F02B73119400CF3B7D /* Scanner.swift */ = {isa = PBXFileReference; lastKnownFileType = sourcecode.swift; path = Scanner.swift; sourceTree = "<group>"; };
		63B463F52B7319CB00CF3B7D /* YOLOv3Tiny.mlmodel */ = {isa = PBXFileReference; lastKnownFileType = file.mlmodel; path = YOLOv3Tiny.mlmodel; sourceTree = "<group>"; };
		63B464392B74692100CF3B7D /* ScanPhoto.swift */ = {isa = PBXFileReference; lastKnownFileType = sourcecode.swift; path = ScanPhoto.swift; sourceTree = "<group>"; };
		63B4643F2B7493F600CF3B7D /* Resnet50FP16.mlmodel */ = {isa = PBXFileReference; lastKnownFileType = file.mlmodel; path = Resnet50FP16.mlmodel; sourceTree = "<group>"; };
		63B464412B754C3D00CF3B7D /* ProfileView.swift */ = {isa = PBXFileReference; lastKnownFileType = sourcecode.swift; path = ProfileView.swift; sourceTree = "<group>"; };
		63B464442B75A6E200CF3B7D /* ProfileViewModel.swift */ = {isa = PBXFileReference; lastKnownFileType = sourcecode.swift; path = ProfileViewModel.swift; sourceTree = "<group>"; };
		63B464462B78033600CF3B7D /* MainDB.swift */ = {isa = PBXFileReference; lastKnownFileType = sourcecode.swift; path = MainDB.swift; sourceTree = "<group>"; };
		63B465D12B6154B8005062F8 /* SignInView.swift */ = {isa = PBXFileReference; lastKnownFileType = sourcecode.swift; path = SignInView.swift; sourceTree = "<group>"; };
		63B465D32B6154D6005062F8 /* SignInViewModel.swift */ = {isa = PBXFileReference; lastKnownFileType = sourcecode.swift; path = SignInViewModel.swift; sourceTree = "<group>"; };
		63B465D62B615606005062F8 /* CustomTextField.swift */ = {isa = PBXFileReference; lastKnownFileType = sourcecode.swift; path = CustomTextField.swift; sourceTree = "<group>"; };
		63B465D92B6159FC005062F8 /* CustomSecureTextFieldView.swift */ = {isa = PBXFileReference; lastKnownFileType = sourcecode.swift; path = CustomSecureTextFieldView.swift; sourceTree = "<group>"; };
		63B465DB2B618704005062F8 /* Button Extension.swift */ = {isa = PBXFileReference; lastKnownFileType = sourcecode.swift; path = "Button Extension.swift"; sourceTree = "<group>"; };
		63B465DD2B618747005062F8 /* ColorExtension.swift */ = {isa = PBXFileReference; lastKnownFileType = sourcecode.swift; path = ColorExtension.swift; sourceTree = "<group>"; };
		63B465E02B61981B005062F8 /* MainNavigationController.swift */ = {isa = PBXFileReference; lastKnownFileType = sourcecode.swift; path = MainNavigationController.swift; sourceTree = "<group>"; };
		63B465E32B61C752005062F8 /* AuthenticationManager.swift */ = {isa = PBXFileReference; lastKnownFileType = sourcecode.swift; path = AuthenticationManager.swift; sourceTree = "<group>"; };
/* End PBXFileReference section */

/* Begin PBXFrameworksBuildPhase section */
		6310022A2B60938B000DF0DC /* Frameworks */ = {
			isa = PBXFrameworksBuildPhase;
			buildActionMask = 2147483647;
			files = (
				631002692B614876000DF0DC /* FirebaseFunctions in Frameworks */,
				6310025F2B614876000DF0DC /* FirebaseDatabaseSwift in Frameworks */,
				6310026F2B614876000DF0DC /* FirebaseInAppMessagingSwift-Beta in Frameworks */,
				631002752B614876000DF0DC /* FirebaseMessaging in Frameworks */,
				631002552B614876000DF0DC /* FirebaseAppDistribution-Beta in Frameworks */,
				631002592B614876000DF0DC /* FirebaseAuthCombine-Community in Frameworks */,
				631002652B614876000DF0DC /* FirebaseFirestoreCombine-Community in Frameworks */,
				6310024F2B614876000DF0DC /* FirebaseAnalyticsSwift in Frameworks */,
				631002732B614876000DF0DC /* FirebaseMLModelDownloader in Frameworks */,
				631002512B614876000DF0DC /* FirebaseAnalyticsWithoutAdIdSupport in Frameworks */,
				6310024B2B614876000DF0DC /* FirebaseAnalytics in Frameworks */,
				631002672B614876000DF0DC /* FirebaseFirestoreSwift in Frameworks */,
				6310024D2B614876000DF0DC /* FirebaseAnalyticsOnDeviceConversion in Frameworks */,
				631002532B614876000DF0DC /* FirebaseAppCheck in Frameworks */,
				631002772B614876000DF0DC /* FirebasePerformance in Frameworks */,
				6310026D2B614876000DF0DC /* FirebaseInAppMessaging-Beta in Frameworks */,
				6310026B2B614876000DF0DC /* FirebaseFunctionsCombine-Community in Frameworks */,
				6310025B2B614876000DF0DC /* FirebaseCrashlytics in Frameworks */,
				631002712B614876000DF0DC /* FirebaseInstallations in Frameworks */,
				631002792B614876000DF0DC /* FirebaseRemoteConfig in Frameworks */,
				6310027D2B614876000DF0DC /* FirebaseStorage in Frameworks */,
				6310025D2B614876000DF0DC /* FirebaseDatabase in Frameworks */,
				6310027F2B614876000DF0DC /* FirebaseStorageCombine-Community in Frameworks */,
				631002462B609608000DF0DC /* NetworkManager2.0 in Frameworks */,
				631002572B614876000DF0DC /* FirebaseAuth in Frameworks */,
				631002612B614876000DF0DC /* FirebaseDynamicLinks in Frameworks */,
				631002632B614876000DF0DC /* FirebaseFirestore in Frameworks */,
				6310027B2B614876000DF0DC /* FirebaseRemoteConfigSwift in Frameworks */,
			);
			runOnlyForDeploymentPostprocessing = 0;
		};
/* End PBXFrameworksBuildPhase section */

/* Begin PBXGroup section */
		63049C092B62D704001DDF16 /* SignUp */ = {
			isa = PBXGroup;
			children = (
				63344B632B6ED13700499949 /* View */,
				63344B642B6ED13F00499949 /* ViewModel */,
			);
			path = SignUp;
			sourceTree = "<group>";
		};
		630FCB352B66BF540068A6D5 /* MainPage */ = {
			isa = PBXGroup;
			children = (
				63344B5E2B6ED0C000499949 /* Model */,
				63344B5F2B6ED0CF00499949 /* View */,
				63344B602B6ED0DE00499949 /* ViewModel */,
			);
			path = MainPage;
			sourceTree = "<group>";
		};
		631002242B60938B000DF0DC = {
			isa = PBXGroup;
			children = (
				6310022F2B60938B000DF0DC /* FitnessApp */,
				6310022E2B60938B000DF0DC /* Products */,
			);
			sourceTree = "<group>";
		};
		6310022E2B60938B000DF0DC /* Products */ = {
			isa = PBXGroup;
			children = (
				6310022D2B60938B000DF0DC /* FitnessApp.app */,
			);
			name = Products;
			sourceTree = "<group>";
		};
		6310022F2B60938B000DF0DC /* FitnessApp */ = {
			isa = PBXGroup;
			children = (
				63344B672B6ED24B00499949 /* App */,
				631002342B60938B000DF0DC /* ViewController.swift */,
				63344B662B6ED23100499949 /* Scenes */,
				63B465D82B61560B005062F8 /* Components */,
				63B465E52B61C75E005062F8 /* Helper */,
				63B465DF2B618752005062F8 /* Extensions */,
				63B465E22B619E6A005062F8 /* MainNavigationController */,
				631002472B6147C6000DF0DC /* GoogleService-Info.plist */,
				631002392B60938C000DF0DC /* Assets.xcassets */,
				6310023E2B60938C000DF0DC /* Info.plist */,
			);
			path = FitnessApp;
			sourceTree = "<group>";
		};
		63344B562B6AFE9100499949 /* ProductListPage */ = {
			isa = PBXGroup;
			children = (
				63344B542B6AFE8800499949 /* ProductListView.swift */,
				63344B5B2B6B2E4D00499949 /* CustomCell */,
			);
			path = ProductListPage;
			sourceTree = "<group>";
		};
		63344B5B2B6B2E4D00499949 /* CustomCell */ = {
			isa = PBXGroup;
			children = (
				63344B572B6AFFCC00499949 /* MainTableViewCell.swift */,
			);
			path = CustomCell;
			sourceTree = "<group>";
		};
		63344B5E2B6ED0C000499949 /* Model */ = {
			isa = PBXGroup;
			children = (
				630FCB402B69B3460068A6D5 /* MainModel.swift */,
				630FCB3A2B6725CE0068A6D5 /* FoodModel.swift */,
			);
			path = Model;
			sourceTree = "<group>";
		};
		63344B5F2B6ED0CF00499949 /* View */ = {
			isa = PBXGroup;
			children = (
				630FCB332B66BF490068A6D5 /* MainView.swift */,
				63344B652B6ED1B500499949 /* CustomCell */,
			);
			path = View;
			sourceTree = "<group>";
		};
		63344B602B6ED0DE00499949 /* ViewModel */ = {
			isa = PBXGroup;
			children = (
				630FCB382B66CC130068A6D5 /* MainPageViewModel.swift */,
			);
			path = ViewModel;
			sourceTree = "<group>";
		};
		63344B612B6ED11C00499949 /* View */ = {
			isa = PBXGroup;
			children = (
				63B465D12B6154B8005062F8 /* SignInView.swift */,
			);
			path = View;
			sourceTree = "<group>";
		};
		63344B622B6ED12600499949 /* ViewModel */ = {
			isa = PBXGroup;
			children = (
				63B465D32B6154D6005062F8 /* SignInViewModel.swift */,
			);
			path = ViewModel;
			sourceTree = "<group>";
		};
		63344B632B6ED13700499949 /* View */ = {
			isa = PBXGroup;
			children = (
				63049C072B62D6EA001DDF16 /* SignUpView.swift */,
			);
			path = View;
			sourceTree = "<group>";
		};
		63344B642B6ED13F00499949 /* ViewModel */ = {
			isa = PBXGroup;
			children = (
				63049C0A2B62D715001DDF16 /* SignUpViewModel.swift */,
			);
			path = ViewModel;
			sourceTree = "<group>";
		};
		63344B652B6ED1B500499949 /* CustomCell */ = {
			isa = PBXGroup;
			children = (
				630FCB362B66CB340068A6D5 /* MainViewButtonCell.swift */,
			);
			path = CustomCell;
			sourceTree = "<group>";
		};
		63344B662B6ED23100499949 /* Scenes */ = {
			isa = PBXGroup;
			children = (
				63B465D52B6154DA005062F8 /* SignIn */,
				63049C092B62D704001DDF16 /* SignUp */,
				630FCB352B66BF540068A6D5 /* MainPage */,
				63344B562B6AFE9100499949 /* ProductListPage */,
				63344B6B2B6ED41000499949 /* addProductPage */,
				63344B6A2B6ED29800499949 /* ProductDetailsPage */,
				63B4643C2B74693E00CF3B7D /* ScanPhoto */,
				63344B6E2B71167200499949 /* ScanPage */,
				63B464432B754C4200CF3B7D /* ProfilePage */,
				63B464462B78033600CF3B7D /* MainDB.swift */,
			);
			path = Scenes;
			sourceTree = "<group>";
		};
		63344B672B6ED24B00499949 /* App */ = {
			isa = PBXGroup;
			children = (
				631002302B60938B000DF0DC /* AppDelegate.swift */,
				631002322B60938B000DF0DC /* SceneDelegate.swift */,
			);
			path = App;
			sourceTree = "<group>";
		};
		63344B6A2B6ED29800499949 /* ProductDetailsPage */ = {
			isa = PBXGroup;
			children = (
				63344B682B6ED29000499949 /* ProductDetailsView.swift */,
			);
			path = ProductDetailsPage;
			sourceTree = "<group>";
		};
		63344B6B2B6ED41000499949 /* addProductPage */ = {
			isa = PBXGroup;
			children = (
				63344B5C2B6BFFE900499949 /* AddProductView.swift */,
			);
			path = addProductPage;
			sourceTree = "<group>";
		};
		63344B6E2B71167200499949 /* ScanPage */ = {
			isa = PBXGroup;
			children = (
				63344B6C2B71166E00499949 /* ScanPageView.swift */,
				63B463F42B7317C900CF3B7D /* Helper */,
			);
			path = ScanPage;
			sourceTree = "<group>";
		};
		63B463F42B7317C900CF3B7D /* Helper */ = {
			isa = PBXGroup;
			children = (
				63B463F02B73119400CF3B7D /* Scanner.swift */,
				63B463F52B7319CB00CF3B7D /* YOLOv3Tiny.mlmodel */,
			);
			path = Helper;
			sourceTree = "<group>";
		};
		63B4643C2B74693E00CF3B7D /* ScanPhoto */ = {
			isa = PBXGroup;
			children = (
				63B464392B74692100CF3B7D /* ScanPhoto.swift */,
				63B4643F2B7493F600CF3B7D /* Resnet50FP16.mlmodel */,
			);
			path = ScanPhoto;
			sourceTree = "<group>";
		};
		63B464432B754C4200CF3B7D /* ProfilePage */ = {
			isa = PBXGroup;
			children = (
				63B464412B754C3D00CF3B7D /* ProfileView.swift */,
				63B464442B75A6E200CF3B7D /* ProfileViewModel.swift */,
			);
			path = ProfilePage;
			sourceTree = "<group>";
		};
		63B465D52B6154DA005062F8 /* SignIn */ = {
			isa = PBXGroup;
			children = (
				63344B612B6ED11C00499949 /* View */,
				63344B622B6ED12600499949 /* ViewModel */,
			);
			path = SignIn;
			sourceTree = "<group>";
		};
		63B465D82B61560B005062F8 /* Components */ = {
			isa = PBXGroup;
			children = (
				63B465D62B615606005062F8 /* CustomTextField.swift */,
				63B465D92B6159FC005062F8 /* CustomSecureTextFieldView.swift */,
				630FCB3E2B6939CA0068A6D5 /* CircularProgressView.swift */,
			);
			path = Components;
			sourceTree = "<group>";
		};
		63B465DF2B618752005062F8 /* Extensions */ = {
			isa = PBXGroup;
			children = (
				63B465DB2B618704005062F8 /* Button Extension.swift */,
				63B465DD2B618747005062F8 /* ColorExtension.swift */,
			);
			path = Extensions;
			sourceTree = "<group>";
		};
		63B465E22B619E6A005062F8 /* MainNavigationController */ = {
			isa = PBXGroup;
			children = (
				63B465E02B61981B005062F8 /* MainNavigationController.swift */,
			);
			path = MainNavigationController;
			sourceTree = "<group>";
		};
		63B465E52B61C75E005062F8 /* Helper */ = {
			isa = PBXGroup;
			children = (
				63B465E32B61C752005062F8 /* AuthenticationManager.swift */,
			);
			path = Helper;
			sourceTree = "<group>";
		};
/* End PBXGroup section */

/* Begin PBXNativeTarget section */
		6310022C2B60938B000DF0DC /* FitnessApp */ = {
			isa = PBXNativeTarget;
			buildConfigurationList = 631002412B60938C000DF0DC /* Build configuration list for PBXNativeTarget "FitnessApp" */;
			buildPhases = (
				631002292B60938B000DF0DC /* Sources */,
				6310022A2B60938B000DF0DC /* Frameworks */,
				6310022B2B60938B000DF0DC /* Resources */,
			);
			buildRules = (
			);
			dependencies = (
			);
			name = FitnessApp;
			packageProductDependencies = (
				631002452B609608000DF0DC /* NetworkManager2.0 */,
				6310024A2B614876000DF0DC /* FirebaseAnalytics */,
				6310024C2B614876000DF0DC /* FirebaseAnalyticsOnDeviceConversion */,
				6310024E2B614876000DF0DC /* FirebaseAnalyticsSwift */,
				631002502B614876000DF0DC /* FirebaseAnalyticsWithoutAdIdSupport */,
				631002522B614876000DF0DC /* FirebaseAppCheck */,
				631002542B614876000DF0DC /* FirebaseAppDistribution-Beta */,
				631002562B614876000DF0DC /* FirebaseAuth */,
				631002582B614876000DF0DC /* FirebaseAuthCombine-Community */,
				6310025A2B614876000DF0DC /* FirebaseCrashlytics */,
				6310025C2B614876000DF0DC /* FirebaseDatabase */,
				6310025E2B614876000DF0DC /* FirebaseDatabaseSwift */,
				631002602B614876000DF0DC /* FirebaseDynamicLinks */,
				631002622B614876000DF0DC /* FirebaseFirestore */,
				631002642B614876000DF0DC /* FirebaseFirestoreCombine-Community */,
				631002662B614876000DF0DC /* FirebaseFirestoreSwift */,
				631002682B614876000DF0DC /* FirebaseFunctions */,
				6310026A2B614876000DF0DC /* FirebaseFunctionsCombine-Community */,
				6310026C2B614876000DF0DC /* FirebaseInAppMessaging-Beta */,
				6310026E2B614876000DF0DC /* FirebaseInAppMessagingSwift-Beta */,
				631002702B614876000DF0DC /* FirebaseInstallations */,
				631002722B614876000DF0DC /* FirebaseMLModelDownloader */,
				631002742B614876000DF0DC /* FirebaseMessaging */,
				631002762B614876000DF0DC /* FirebasePerformance */,
				631002782B614876000DF0DC /* FirebaseRemoteConfig */,
				6310027A2B614876000DF0DC /* FirebaseRemoteConfigSwift */,
				6310027C2B614876000DF0DC /* FirebaseStorage */,
				6310027E2B614876000DF0DC /* FirebaseStorageCombine-Community */,
			);
			productName = FitnessApp;
			productReference = 6310022D2B60938B000DF0DC /* FitnessApp.app */;
			productType = "com.apple.product-type.application";
		};
/* End PBXNativeTarget section */

/* Begin PBXProject section */
		631002252B60938B000DF0DC /* Project object */ = {
			isa = PBXProject;
			attributes = {
				BuildIndependentTargetsInParallel = 1;
				LastSwiftUpdateCheck = 1500;
				LastUpgradeCheck = 1500;
				TargetAttributes = {
					6310022C2B60938B000DF0DC = {
						CreatedOnToolsVersion = 15.0;
					};
				};
			};
			buildConfigurationList = 631002282B60938B000DF0DC /* Build configuration list for PBXProject "FitnessApp" */;
			compatibilityVersion = "Xcode 14.0";
			developmentRegion = en;
			hasScannedForEncodings = 0;
			knownRegions = (
				en,
				Base,
			);
			mainGroup = 631002242B60938B000DF0DC;
			packageReferences = (
				631002442B609608000DF0DC /* XCRemoteSwiftPackageReference "NetworkManager2" */,
				631002492B614876000DF0DC /* XCRemoteSwiftPackageReference "firebase-ios-sdk" */,
			);
			productRefGroup = 6310022E2B60938B000DF0DC /* Products */;
			projectDirPath = "";
			projectRoot = "";
			targets = (
				6310022C2B60938B000DF0DC /* FitnessApp */,
			);
		};
/* End PBXProject section */

/* Begin PBXResourcesBuildPhase section */
		6310022B2B60938B000DF0DC /* Resources */ = {
			isa = PBXResourcesBuildPhase;
			buildActionMask = 2147483647;
			files = (
				6310023A2B60938C000DF0DC /* Assets.xcassets in Resources */,
				631002482B6147C7000DF0DC /* GoogleService-Info.plist in Resources */,
			);
			runOnlyForDeploymentPostprocessing = 0;
		};
/* End PBXResourcesBuildPhase section */

/* Begin PBXSourcesBuildPhase section */
		631002292B60938B000DF0DC /* Sources */ = {
			isa = PBXSourcesBuildPhase;
			buildActionMask = 2147483647;
			files = (
				630FCB392B66CC130068A6D5 /* MainPageViewModel.swift in Sources */,
				631002352B60938B000DF0DC /* ViewController.swift in Sources */,
				630FCB342B66BF490068A6D5 /* MainView.swift in Sources */,
				63344B6D2B71166E00499949 /* ScanPageView.swift in Sources */,
				63049C0B2B62D715001DDF16 /* SignUpViewModel.swift in Sources */,
				63B4643A2B74692100CF3B7D /* ScanPhoto.swift in Sources */,
				631002312B60938B000DF0DC /* AppDelegate.swift in Sources */,
				63B463F12B73119400CF3B7D /* Scanner.swift in Sources */,
				63B465E42B61C752005062F8 /* AuthenticationManager.swift in Sources */,
				630FCB412B69B3460068A6D5 /* MainModel.swift in Sources */,
				63344B692B6ED29000499949 /* ProductDetailsView.swift in Sources */,
				63B464422B754C3D00CF3B7D /* ProfileView.swift in Sources */,
				63B463F62B7319CB00CF3B7D /* YOLOv3Tiny.mlmodel in Sources */,
				63B465DC2B618704005062F8 /* Button Extension.swift in Sources */,
				63049C082B62D6EA001DDF16 /* SignUpView.swift in Sources */,
				63B465E12B61981B005062F8 /* MainNavigationController.swift in Sources */,
				63B464402B7493F600CF3B7D /* Resnet50FP16.mlmodel in Sources */,
				63344B582B6AFFCC00499949 /* MainTableViewCell.swift in Sources */,
				630FCB372B66CB340068A6D5 /* MainViewButtonCell.swift in Sources */,
				630FCB3F2B6939CA0068A6D5 /* CircularProgressView.swift in Sources */,
				63B465DE2B618748005062F8 /* ColorExtension.swift in Sources */,
				63344B5D2B6BFFE900499949 /* AddProductView.swift in Sources */,
				63344B552B6AFE8800499949 /* ProductListView.swift in Sources */,
				63B465DA2B6159FC005062F8 /* CustomSecureTextFieldView.swift in Sources */,
				63B464452B75A6E200CF3B7D /* ProfileViewModel.swift in Sources */,
				63B464472B78033600CF3B7D /* MainDB.swift in Sources */,
				63B465D72B615606005062F8 /* CustomTextField.swift in Sources */,
				630FCB3B2B6725CE0068A6D5 /* FoodModel.swift in Sources */,
				63B465D22B6154B8005062F8 /* SignInView.swift in Sources */,
				631002332B60938B000DF0DC /* SceneDelegate.swift in Sources */,
				63B465D42B6154D6005062F8 /* SignInViewModel.swift in Sources */,
			);
			runOnlyForDeploymentPostprocessing = 0;
		};
/* End PBXSourcesBuildPhase section */

/* Begin XCBuildConfiguration section */
		6310023F2B60938C000DF0DC /* Debug */ = {
			isa = XCBuildConfiguration;
			buildSettings = {
				ALWAYS_SEARCH_USER_PATHS = NO;
				ASSETCATALOG_COMPILER_GENERATE_SWIFT_ASSET_SYMBOL_EXTENSIONS = YES;
				CLANG_ANALYZER_NONNULL = YES;
				CLANG_ANALYZER_NUMBER_OBJECT_CONVERSION = YES_AGGRESSIVE;
				CLANG_CXX_LANGUAGE_STANDARD = "gnu++20";
				CLANG_ENABLE_MODULES = YES;
				CLANG_ENABLE_OBJC_ARC = YES;
				CLANG_ENABLE_OBJC_WEAK = YES;
				CLANG_WARN_BLOCK_CAPTURE_AUTORELEASING = YES;
				CLANG_WARN_BOOL_CONVERSION = YES;
				CLANG_WARN_COMMA = YES;
				CLANG_WARN_CONSTANT_CONVERSION = YES;
				CLANG_WARN_DEPRECATED_OBJC_IMPLEMENTATIONS = YES;
				CLANG_WARN_DIRECT_OBJC_ISA_USAGE = YES_ERROR;
				CLANG_WARN_DOCUMENTATION_COMMENTS = YES;
				CLANG_WARN_EMPTY_BODY = YES;
				CLANG_WARN_ENUM_CONVERSION = YES;
				CLANG_WARN_INFINITE_RECURSION = YES;
				CLANG_WARN_INT_CONVERSION = YES;
				CLANG_WARN_NON_LITERAL_NULL_CONVERSION = YES;
				CLANG_WARN_OBJC_IMPLICIT_RETAIN_SELF = YES;
				CLANG_WARN_OBJC_LITERAL_CONVERSION = YES;
				CLANG_WARN_OBJC_ROOT_CLASS = YES_ERROR;
				CLANG_WARN_QUOTED_INCLUDE_IN_FRAMEWORK_HEADER = YES;
				CLANG_WARN_RANGE_LOOP_ANALYSIS = YES;
				CLANG_WARN_STRICT_PROTOTYPES = YES;
				CLANG_WARN_SUSPICIOUS_MOVE = YES;
				CLANG_WARN_UNGUARDED_AVAILABILITY = YES_AGGRESSIVE;
				CLANG_WARN_UNREACHABLE_CODE = YES;
				CLANG_WARN__DUPLICATE_METHOD_MATCH = YES;
				COPY_PHASE_STRIP = NO;
				DEBUG_INFORMATION_FORMAT = dwarf;
				ENABLE_STRICT_OBJC_MSGSEND = YES;
				ENABLE_TESTABILITY = YES;
				ENABLE_USER_SCRIPT_SANDBOXING = YES;
				GCC_C_LANGUAGE_STANDARD = gnu17;
				GCC_DYNAMIC_NO_PIC = NO;
				GCC_NO_COMMON_BLOCKS = YES;
				GCC_OPTIMIZATION_LEVEL = 0;
				GCC_PREPROCESSOR_DEFINITIONS = (
					"DEBUG=1",
					"$(inherited)",
				);
				GCC_WARN_64_TO_32_BIT_CONVERSION = YES;
				GCC_WARN_ABOUT_RETURN_TYPE = YES_ERROR;
				GCC_WARN_UNDECLARED_SELECTOR = YES;
				GCC_WARN_UNINITIALIZED_AUTOS = YES_AGGRESSIVE;
				GCC_WARN_UNUSED_FUNCTION = YES;
				GCC_WARN_UNUSED_VARIABLE = YES;
				IPHONEOS_DEPLOYMENT_TARGET = 17.0;
				LOCALIZATION_PREFERS_STRING_CATALOGS = YES;
				MTL_ENABLE_DEBUG_INFO = INCLUDE_SOURCE;
				MTL_FAST_MATH = YES;
				ONLY_ACTIVE_ARCH = YES;
				SDKROOT = iphoneos;
				SWIFT_ACTIVE_COMPILATION_CONDITIONS = "DEBUG $(inherited)";
				SWIFT_OPTIMIZATION_LEVEL = "-Onone";
			};
			name = Debug;
		};
		631002402B60938C000DF0DC /* Release */ = {
			isa = XCBuildConfiguration;
			buildSettings = {
				ALWAYS_SEARCH_USER_PATHS = NO;
				ASSETCATALOG_COMPILER_GENERATE_SWIFT_ASSET_SYMBOL_EXTENSIONS = YES;
				CLANG_ANALYZER_NONNULL = YES;
				CLANG_ANALYZER_NUMBER_OBJECT_CONVERSION = YES_AGGRESSIVE;
				CLANG_CXX_LANGUAGE_STANDARD = "gnu++20";
				CLANG_ENABLE_MODULES = YES;
				CLANG_ENABLE_OBJC_ARC = YES;
				CLANG_ENABLE_OBJC_WEAK = YES;
				CLANG_WARN_BLOCK_CAPTURE_AUTORELEASING = YES;
				CLANG_WARN_BOOL_CONVERSION = YES;
				CLANG_WARN_COMMA = YES;
				CLANG_WARN_CONSTANT_CONVERSION = YES;
				CLANG_WARN_DEPRECATED_OBJC_IMPLEMENTATIONS = YES;
				CLANG_WARN_DIRECT_OBJC_ISA_USAGE = YES_ERROR;
				CLANG_WARN_DOCUMENTATION_COMMENTS = YES;
				CLANG_WARN_EMPTY_BODY = YES;
				CLANG_WARN_ENUM_CONVERSION = YES;
				CLANG_WARN_INFINITE_RECURSION = YES;
				CLANG_WARN_INT_CONVERSION = YES;
				CLANG_WARN_NON_LITERAL_NULL_CONVERSION = YES;
				CLANG_WARN_OBJC_IMPLICIT_RETAIN_SELF = YES;
				CLANG_WARN_OBJC_LITERAL_CONVERSION = YES;
				CLANG_WARN_OBJC_ROOT_CLASS = YES_ERROR;
				CLANG_WARN_QUOTED_INCLUDE_IN_FRAMEWORK_HEADER = YES;
				CLANG_WARN_RANGE_LOOP_ANALYSIS = YES;
				CLANG_WARN_STRICT_PROTOTYPES = YES;
				CLANG_WARN_SUSPICIOUS_MOVE = YES;
				CLANG_WARN_UNGUARDED_AVAILABILITY = YES_AGGRESSIVE;
				CLANG_WARN_UNREACHABLE_CODE = YES;
				CLANG_WARN__DUPLICATE_METHOD_MATCH = YES;
				COPY_PHASE_STRIP = NO;
				DEBUG_INFORMATION_FORMAT = "dwarf-with-dsym";
				ENABLE_NS_ASSERTIONS = NO;
				ENABLE_STRICT_OBJC_MSGSEND = YES;
				ENABLE_USER_SCRIPT_SANDBOXING = YES;
				GCC_C_LANGUAGE_STANDARD = gnu17;
				GCC_NO_COMMON_BLOCKS = YES;
				GCC_WARN_64_TO_32_BIT_CONVERSION = YES;
				GCC_WARN_ABOUT_RETURN_TYPE = YES_ERROR;
				GCC_WARN_UNDECLARED_SELECTOR = YES;
				GCC_WARN_UNINITIALIZED_AUTOS = YES_AGGRESSIVE;
				GCC_WARN_UNUSED_FUNCTION = YES;
				GCC_WARN_UNUSED_VARIABLE = YES;
				IPHONEOS_DEPLOYMENT_TARGET = 17.0;
				LOCALIZATION_PREFERS_STRING_CATALOGS = YES;
				MTL_ENABLE_DEBUG_INFO = NO;
				MTL_FAST_MATH = YES;
				SDKROOT = iphoneos;
				SWIFT_COMPILATION_MODE = wholemodule;
				VALIDATE_PRODUCT = YES;
			};
			name = Release;
		};
		631002422B60938C000DF0DC /* Debug */ = {
			isa = XCBuildConfiguration;
			buildSettings = {
				ASSETCATALOG_COMPILER_APPICON_NAME = AppIcon;
				ASSETCATALOG_COMPILER_GLOBAL_ACCENT_COLOR_NAME = AccentColor;
				CODE_SIGN_STYLE = Automatic;
				CURRENT_PROJECT_VERSION = 1;
				DEVELOPMENT_TEAM = 25A9GC2B9J;
				GENERATE_INFOPLIST_FILE = YES;
				INFOPLIST_FILE = FitnessApp/Info.plist;
				INFOPLIST_KEY_UIApplicationSupportsIndirectInputEvents = YES;
				INFOPLIST_KEY_UILaunchStoryboardName = LaunchScreen;
				INFOPLIST_KEY_UISupportedInterfaceOrientations_iPad = "UIInterfaceOrientationPortrait UIInterfaceOrientationPortraitUpsideDown UIInterfaceOrientationLandscapeLeft UIInterfaceOrientationLandscapeRight";
				INFOPLIST_KEY_UISupportedInterfaceOrientations_iPhone = "UIInterfaceOrientationPortrait UIInterfaceOrientationLandscapeLeft UIInterfaceOrientationLandscapeRight";
				LD_RUNPATH_SEARCH_PATHS = (
					"$(inherited)",
					"@executable_path/Frameworks",
				);
				MARKETING_VERSION = 1.0;
				PRODUCT_BUNDLE_IDENTIFIER = com.lecture.FitnessApp;
				PRODUCT_NAME = "$(TARGET_NAME)";
				SWIFT_EMIT_LOC_STRINGS = YES;
				SWIFT_VERSION = 5.0;
				TARGETED_DEVICE_FAMILY = "1,2";
			};
			name = Debug;
		};
		631002432B60938C000DF0DC /* Release */ = {
			isa = XCBuildConfiguration;
			buildSettings = {
				ASSETCATALOG_COMPILER_APPICON_NAME = AppIcon;
				ASSETCATALOG_COMPILER_GLOBAL_ACCENT_COLOR_NAME = AccentColor;
				CODE_SIGN_STYLE = Automatic;
				CURRENT_PROJECT_VERSION = 1;
				DEVELOPMENT_TEAM = 25A9GC2B9J;
				GENERATE_INFOPLIST_FILE = YES;
				INFOPLIST_FILE = FitnessApp/Info.plist;
				INFOPLIST_KEY_UIApplicationSupportsIndirectInputEvents = YES;
				INFOPLIST_KEY_UILaunchStoryboardName = LaunchScreen;
				INFOPLIST_KEY_UISupportedInterfaceOrientations_iPad = "UIInterfaceOrientationPortrait UIInterfaceOrientationPortraitUpsideDown UIInterfaceOrientationLandscapeLeft UIInterfaceOrientationLandscapeRight";
				INFOPLIST_KEY_UISupportedInterfaceOrientations_iPhone = "UIInterfaceOrientationPortrait UIInterfaceOrientationLandscapeLeft UIInterfaceOrientationLandscapeRight";
				LD_RUNPATH_SEARCH_PATHS = (
					"$(inherited)",
					"@executable_path/Frameworks",
				);
				MARKETING_VERSION = 1.0;
				PRODUCT_BUNDLE_IDENTIFIER = com.lecture.FitnessApp;
				PRODUCT_NAME = "$(TARGET_NAME)";
				SWIFT_EMIT_LOC_STRINGS = YES;
				SWIFT_VERSION = 5.0;
				TARGETED_DEVICE_FAMILY = "1,2";
			};
			name = Release;
		};
/* End XCBuildConfiguration section */

/* Begin XCConfigurationList section */
		631002282B60938B000DF0DC /* Build configuration list for PBXProject "FitnessApp" */ = {
			isa = XCConfigurationList;
			buildConfigurations = (
				6310023F2B60938C000DF0DC /* Debug */,
				631002402B60938C000DF0DC /* Release */,
			);
			defaultConfigurationIsVisible = 0;
			defaultConfigurationName = Release;
		};
		631002412B60938C000DF0DC /* Build configuration list for PBXNativeTarget "FitnessApp" */ = {
			isa = XCConfigurationList;
			buildConfigurations = (
				631002422B60938C000DF0DC /* Debug */,
				631002432B60938C000DF0DC /* Release */,
			);
			defaultConfigurationIsVisible = 0;
			defaultConfigurationName = Release;
		};
/* End XCConfigurationList section */

/* Begin XCRemoteSwiftPackageReference section */
		631002442B609608000DF0DC /* XCRemoteSwiftPackageReference "NetworkManager2" */ = {
			isa = XCRemoteSwiftPackageReference;
			repositoryURL = "https://github.com/dsila2017/NetworkManager2.0";
			requirement = {
				branch = main;
				kind = branch;
			};
		};
		631002492B614876000DF0DC /* XCRemoteSwiftPackageReference "firebase-ios-sdk" */ = {
			isa = XCRemoteSwiftPackageReference;
			repositoryURL = "https://github.com/firebase/firebase-ios-sdk";
			requirement = {
				kind = upToNextMajorVersion;
				minimumVersion = 10.20.0;
			};
		};
/* End XCRemoteSwiftPackageReference section */

/* Begin XCSwiftPackageProductDependency section */
		631002452B609608000DF0DC /* NetworkManager2.0 */ = {
			isa = XCSwiftPackageProductDependency;
			package = 631002442B609608000DF0DC /* XCRemoteSwiftPackageReference "NetworkManager2" */;
			productName = NetworkManager2.0;
		};
		6310024A2B614876000DF0DC /* FirebaseAnalytics */ = {
			isa = XCSwiftPackageProductDependency;
			package = 631002492B614876000DF0DC /* XCRemoteSwiftPackageReference "firebase-ios-sdk" */;
			productName = FirebaseAnalytics;
		};
		6310024C2B614876000DF0DC /* FirebaseAnalyticsOnDeviceConversion */ = {
			isa = XCSwiftPackageProductDependency;
			package = 631002492B614876000DF0DC /* XCRemoteSwiftPackageReference "firebase-ios-sdk" */;
			productName = FirebaseAnalyticsOnDeviceConversion;
		};
		6310024E2B614876000DF0DC /* FirebaseAnalyticsSwift */ = {
			isa = XCSwiftPackageProductDependency;
			package = 631002492B614876000DF0DC /* XCRemoteSwiftPackageReference "firebase-ios-sdk" */;
			productName = FirebaseAnalyticsSwift;
		};
		631002502B614876000DF0DC /* FirebaseAnalyticsWithoutAdIdSupport */ = {
			isa = XCSwiftPackageProductDependency;
			package = 631002492B614876000DF0DC /* XCRemoteSwiftPackageReference "firebase-ios-sdk" */;
			productName = FirebaseAnalyticsWithoutAdIdSupport;
		};
		631002522B614876000DF0DC /* FirebaseAppCheck */ = {
			isa = XCSwiftPackageProductDependency;
			package = 631002492B614876000DF0DC /* XCRemoteSwiftPackageReference "firebase-ios-sdk" */;
			productName = FirebaseAppCheck;
		};
		631002542B614876000DF0DC /* FirebaseAppDistribution-Beta */ = {
			isa = XCSwiftPackageProductDependency;
			package = 631002492B614876000DF0DC /* XCRemoteSwiftPackageReference "firebase-ios-sdk" */;
			productName = "FirebaseAppDistribution-Beta";
		};
		631002562B614876000DF0DC /* FirebaseAuth */ = {
			isa = XCSwiftPackageProductDependency;
			package = 631002492B614876000DF0DC /* XCRemoteSwiftPackageReference "firebase-ios-sdk" */;
			productName = FirebaseAuth;
		};
		631002582B614876000DF0DC /* FirebaseAuthCombine-Community */ = {
			isa = XCSwiftPackageProductDependency;
			package = 631002492B614876000DF0DC /* XCRemoteSwiftPackageReference "firebase-ios-sdk" */;
			productName = "FirebaseAuthCombine-Community";
		};
		6310025A2B614876000DF0DC /* FirebaseCrashlytics */ = {
			isa = XCSwiftPackageProductDependency;
			package = 631002492B614876000DF0DC /* XCRemoteSwiftPackageReference "firebase-ios-sdk" */;
			productName = FirebaseCrashlytics;
		};
		6310025C2B614876000DF0DC /* FirebaseDatabase */ = {
			isa = XCSwiftPackageProductDependency;
			package = 631002492B614876000DF0DC /* XCRemoteSwiftPackageReference "firebase-ios-sdk" */;
			productName = FirebaseDatabase;
		};
		6310025E2B614876000DF0DC /* FirebaseDatabaseSwift */ = {
			isa = XCSwiftPackageProductDependency;
			package = 631002492B614876000DF0DC /* XCRemoteSwiftPackageReference "firebase-ios-sdk" */;
			productName = FirebaseDatabaseSwift;
		};
		631002602B614876000DF0DC /* FirebaseDynamicLinks */ = {
			isa = XCSwiftPackageProductDependency;
			package = 631002492B614876000DF0DC /* XCRemoteSwiftPackageReference "firebase-ios-sdk" */;
			productName = FirebaseDynamicLinks;
		};
		631002622B614876000DF0DC /* FirebaseFirestore */ = {
			isa = XCSwiftPackageProductDependency;
			package = 631002492B614876000DF0DC /* XCRemoteSwiftPackageReference "firebase-ios-sdk" */;
			productName = FirebaseFirestore;
		};
		631002642B614876000DF0DC /* FirebaseFirestoreCombine-Community */ = {
			isa = XCSwiftPackageProductDependency;
			package = 631002492B614876000DF0DC /* XCRemoteSwiftPackageReference "firebase-ios-sdk" */;
			productName = "FirebaseFirestoreCombine-Community";
		};
		631002662B614876000DF0DC /* FirebaseFirestoreSwift */ = {
			isa = XCSwiftPackageProductDependency;
			package = 631002492B614876000DF0DC /* XCRemoteSwiftPackageReference "firebase-ios-sdk" */;
			productName = FirebaseFirestoreSwift;
		};
		631002682B614876000DF0DC /* FirebaseFunctions */ = {
			isa = XCSwiftPackageProductDependency;
			package = 631002492B614876000DF0DC /* XCRemoteSwiftPackageReference "firebase-ios-sdk" */;
			productName = FirebaseFunctions;
		};
		6310026A2B614876000DF0DC /* FirebaseFunctionsCombine-Community */ = {
			isa = XCSwiftPackageProductDependency;
			package = 631002492B614876000DF0DC /* XCRemoteSwiftPackageReference "firebase-ios-sdk" */;
			productName = "FirebaseFunctionsCombine-Community";
		};
		6310026C2B614876000DF0DC /* FirebaseInAppMessaging-Beta */ = {
			isa = XCSwiftPackageProductDependency;
			package = 631002492B614876000DF0DC /* XCRemoteSwiftPackageReference "firebase-ios-sdk" */;
			productName = "FirebaseInAppMessaging-Beta";
		};
		6310026E2B614876000DF0DC /* FirebaseInAppMessagingSwift-Beta */ = {
			isa = XCSwiftPackageProductDependency;
			package = 631002492B614876000DF0DC /* XCRemoteSwiftPackageReference "firebase-ios-sdk" */;
			productName = "FirebaseInAppMessagingSwift-Beta";
		};
		631002702B614876000DF0DC /* FirebaseInstallations */ = {
			isa = XCSwiftPackageProductDependency;
			package = 631002492B614876000DF0DC /* XCRemoteSwiftPackageReference "firebase-ios-sdk" */;
			productName = FirebaseInstallations;
		};
		631002722B614876000DF0DC /* FirebaseMLModelDownloader */ = {
			isa = XCSwiftPackageProductDependency;
			package = 631002492B614876000DF0DC /* XCRemoteSwiftPackageReference "firebase-ios-sdk" */;
			productName = FirebaseMLModelDownloader;
		};
		631002742B614876000DF0DC /* FirebaseMessaging */ = {
			isa = XCSwiftPackageProductDependency;
			package = 631002492B614876000DF0DC /* XCRemoteSwiftPackageReference "firebase-ios-sdk" */;
			productName = FirebaseMessaging;
		};
		631002762B614876000DF0DC /* FirebasePerformance */ = {
			isa = XCSwiftPackageProductDependency;
			package = 631002492B614876000DF0DC /* XCRemoteSwiftPackageReference "firebase-ios-sdk" */;
			productName = FirebasePerformance;
		};
		631002782B614876000DF0DC /* FirebaseRemoteConfig */ = {
			isa = XCSwiftPackageProductDependency;
			package = 631002492B614876000DF0DC /* XCRemoteSwiftPackageReference "firebase-ios-sdk" */;
			productName = FirebaseRemoteConfig;
		};
		6310027A2B614876000DF0DC /* FirebaseRemoteConfigSwift */ = {
			isa = XCSwiftPackageProductDependency;
			package = 631002492B614876000DF0DC /* XCRemoteSwiftPackageReference "firebase-ios-sdk" */;
			productName = FirebaseRemoteConfigSwift;
		};
		6310027C2B614876000DF0DC /* FirebaseStorage */ = {
			isa = XCSwiftPackageProductDependency;
			package = 631002492B614876000DF0DC /* XCRemoteSwiftPackageReference "firebase-ios-sdk" */;
			productName = FirebaseStorage;
		};
		6310027E2B614876000DF0DC /* FirebaseStorageCombine-Community */ = {
			isa = XCSwiftPackageProductDependency;
			package = 631002492B614876000DF0DC /* XCRemoteSwiftPackageReference "firebase-ios-sdk" */;
			productName = "FirebaseStorageCombine-Community";
		};
/* End XCSwiftPackageProductDependency section */
	};
	rootObject = 631002252B60938B000DF0DC /* Project object */;
}
